
Microsoft Visual Studio Solution File, Format Version 12.00
Project("{FAE04EC0-301F-11D3-BF4B-00C04F79EFBC}") = "MasterCraftRepairs_API", "MasterCraftRepairs_API\MasterCraftRepairs_API.csproj", "{EF3D88CD-70AD-46C5-9803-0096EB88C717}"
EndProject
Project("{FAE04EC0-301F-11D3-BF4B-00C04F79EFBC}") = "MasterCraftRepairs_Domain", "MasterCraftRepairs_Domain\MasterCraftRepairs_Domain.csproj", "{0655CFA4-7DB3-4A2B-B696-3DEC1C41A9CF}"
EndProject
Global
	GlobalSection(SolutionConfigurationPlatforms) = preSolution
		Debug|Any CPU = Debug|Any CPU
		Release|Any CPU = Release|Any CPU
	EndGlobalSection
	GlobalSection(ProjectConfigurationPlatforms) = postSolution
		{EF3D88CD-70AD-46C5-9803-0096EB88C717}.Debug|Any CPU.ActiveCfg = Debug|Any CPU
		{EF3D88CD-70AD-46C5-9803-0096EB88C717}.Debug|Any CPU.Build.0 = Debug|Any CPU
		{EF3D88CD-70AD-46C5-9803-0096EB88C717}.Release|Any CPU.ActiveCfg = Release|Any CPU
		{EF3D88CD-70AD-46C5-9803-0096EB88C717}.Release|Any CPU.Build.0 = Release|Any CPU
		{0655CFA4-7DB3-4A2B-B696-3DEC1C41A9CF}.Debug|Any CPU.ActiveCfg = Debug|Any CPU
		{0655CFA4-7DB3-4A2B-B696-3DEC1C41A9CF}.Debug|Any CPU.Build.0 = Debug|Any CPU
		{0655CFA4-7DB3-4A2B-B696-3DEC1C41A9CF}.Release|Any CPU.ActiveCfg = Release|Any CPU
		{0655CFA4-7DB3-4A2B-B696-3DEC1C41A9CF}.Release|Any CPU.Build.0 = Release|Any CPU
	EndGlobalSection
	GlobalSection(NestedProjects) = preSolution
	EndGlobalSection
EndGlobal
